
Microsoft Visual Studio Solution File, Format Version 12.00
# Visual Studio Version 17
VisualStudioVersion = 17.5.33424.131
MinimumVisualStudioVersion = 10.0.40219.1
Project("{FAE04EC0-301F-11D3-BF4B-00C04F79EFBC}") = "TodoList", "TodoList\TodoList.csproj", "{6FE432B0-1209-4E76-9F9C-04500591882C}"
EndProject
Global
	GlobalSection(SolutionConfigurationPlatforms) = preSolution
		Debug|Any CPU = Debug|Any CPU
		Release|Any CPU = Release|Any CPU
	EndGlobalSection
	GlobalSection(ProjectConfigurationPlatforms) = postSolution
		{6FE432B0-1209-4E76-9F9C-04500591882C}.Debug|Any CPU.ActiveCfg = Debug|Any CPU
		{6FE432B0-1209-4E76-9F9C-04500591882C}.Debug|Any CPU.Build.0 = Debug|Any CPU
		{6FE432B0-1209-4E76-9F9C-04500591882C}.Release|Any CPU.ActiveCfg = Release|Any CPU
		{6FE432B0-1209-4E76-9F9C-04500591882C}.Release|Any CPU.Build.0 = Release|Any CPU
	EndGlobalSection
	GlobalSection(SolutionProperties) = preSolution
		HideSolutionNode = FALSE
	EndGlobalSection
	GlobalSection(ExtensibilityGlobals) = postSolution
		SolutionGuid = {90FB3E97-EF27-4A7C-AFF9-C6128ADD79EF}
	EndGlobalSection
EndGlobal
